
Microsoft Visual Studio Solution File, Format Version 12.00
# Visual Studio Version 17
VisualStudioVersion = 17.11.35303.130
MinimumVisualStudioVersion = 10.0.40219.1
Project("{FAE04EC0-301F-11D3-BF4B-00C04F79EFBC}") = "TriangleApp", "TriangleApp\TriangleApp.csproj", "{29F61428-EE93-46E3-A3BA-F5633EC0BC06}"
EndProject
Project("{FAE04EC0-301F-11D3-BF4B-00C04F79EFBC}") = "TriangleTest", "TriangleTest\TriangleTest.csproj", "{653CCDD1-A0EF-40B8-9DD2-DD390505978E}"
EndProject
Global
	GlobalSection(SolutionConfigurationPlatforms) = preSolution
		Debug|Any CPU = Debug|Any CPU
		Release|Any CPU = Release|Any CPU
	EndGlobalSection
	GlobalSection(ProjectConfigurationPlatforms) = postSolution
		{29F61428-EE93-46E3-A3BA-F5633EC0BC06}.Debug|Any CPU.ActiveCfg = Debug|Any CPU
		{29F61428-EE93-46E3-A3BA-F5633EC0BC06}.Debug|Any CPU.Build.0 = Debug|Any CPU
		{29F61428-EE93-46E3-A3BA-F5633EC0BC06}.Release|Any CPU.ActiveCfg = Release|Any CPU
		{29F61428-EE93-46E3-A3BA-F5633EC0BC06}.Release|Any CPU.Build.0 = Release|Any CPU
		{653CCDD1-A0EF-40B8-9DD2-DD390505978E}.Debug|Any CPU.ActiveCfg = Debug|Any CPU
		{653CCDD1-A0EF-40B8-9DD2-DD390505978E}.Debug|Any CPU.Build.0 = Debug|Any CPU
		{653CCDD1-A0EF-40B8-9DD2-DD390505978E}.Release|Any CPU.ActiveCfg = Release|Any CPU
		{653CCDD1-A0EF-40B8-9DD2-DD390505978E}.Release|Any CPU.Build.0 = Release|Any CPU
	EndGlobalSection
	GlobalSection(SolutionProperties) = preSolution
		HideSolutionNode = FALSE
	EndGlobalSection
	GlobalSection(ExtensibilityGlobals) = postSolution
		SolutionGuid = {F0599F47-D941-437A-9DA2-54D369D86865}
	EndGlobalSection
EndGlobal
